
Microsoft Visual Studio Solution File, Format Version 12.00
# Visual Studio 15
VisualStudioVersion = 15.0.28010.2016
MinimumVisualStudioVersion = 10.0.40219.1
Project("{FAE04EC0-301F-11D3-BF4B-00C04F79EFBC}") = "WebServiceMVVM", "WebServiceMVVM\WebServiceMVVM.csproj", "{FD7DD2AA-2945-4D3D-8C58-C58A15A4E3EE}"
EndProject
Global
	GlobalSection(SolutionConfigurationPlatforms) = preSolution
		Debug|Any CPU = Debug|Any CPU
		Release|Any CPU = Release|Any CPU
	EndGlobalSection
	GlobalSection(ProjectConfigurationPlatforms) = postSolution
		{FD7DD2AA-2945-4D3D-8C58-C58A15A4E3EE}.Debug|Any CPU.ActiveCfg = Debug|Any CPU
		{FD7DD2AA-2945-4D3D-8C58-C58A15A4E3EE}.Debug|Any CPU.Build.0 = Debug|Any CPU
		{FD7DD2AA-2945-4D3D-8C58-C58A15A4E3EE}.Release|Any CPU.ActiveCfg = Release|Any CPU
		{FD7DD2AA-2945-4D3D-8C58-C58A15A4E3EE}.Release|Any CPU.Build.0 = Release|Any CPU
	EndGlobalSection
	GlobalSection(SolutionProperties) = preSolution
		HideSolutionNode = FALSE
	EndGlobalSection
	GlobalSection(ExtensibilityGlobals) = postSolution
		SolutionGuid = {57E4105F-D719-4913-8AA4-B3ACA306619C}
	EndGlobalSection
EndGlobal
